// !$*UTF8*$!
{
	archiveVersion = 1;
	classes = {
	};
	objectVersion = 56;
	objects = {

/* Begin PBXBuildFile section */
		3B0FCED2295AB4B700D85D28 /* ReproduceView.swift in Sources */ = {isa = PBXBuildFile; fileRef = 3B0FCED1295AB4B700D85D28 /* ReproduceView.swift */; };
		3B0FCEDC295AD05F00D85D28 /* hero3.wav in Resources */ = {isa = PBXBuildFile; fileRef = 3B0FCED9295AD05F00D85D28 /* hero3.wav */; };
		3B0FCEDD295AD05F00D85D28 /* hero2.wav in Resources */ = {isa = PBXBuildFile; fileRef = 3B0FCEDA295AD05F00D85D28 /* hero2.wav */; };
		3B0FCEDE295AD05F00D85D28 /* hero1.wav in Resources */ = {isa = PBXBuildFile; fileRef = 3B0FCEDB295AD05F00D85D28 /* hero1.wav */; };
		3B3D5485291433B000DE6B49 /* ImageView.swift in Sources */ = {isa = PBXBuildFile; fileRef = 3B3D5484291433B000DE6B49 /* ImageView.swift */; };
		3B3D54872914C9B600DE6B49 /* MapView.swift in Sources */ = {isa = PBXBuildFile; fileRef = 3B3D54862914C9B600DE6B49 /* MapView.swift */; };
		3B3D54892914D33900DE6B49 /* MainView.swift in Sources */ = {isa = PBXBuildFile; fileRef = 3B3D54882914D33900DE6B49 /* MainView.swift */; };
		3B3D548D2914DDBF00DE6B49 /* Programmer.swift in Sources */ = {isa = PBXBuildFile; fileRef = 3B3D548C2914DDBF00DE6B49 /* Programmer.swift */; };
		3B3D548F2914DE6F00DE6B49 /* RowView.swift in Sources */ = {isa = PBXBuildFile; fileRef = 3B3D548E2914DE6F00DE6B49 /* RowView.swift */; };
		3B3D54912914E3BA00DE6B49 /* ListView.swift in Sources */ = {isa = PBXBuildFile; fileRef = 3B3D54902914E3BA00DE6B49 /* ListView.swift */; };
		3B3D6F49293D70DC00E811CB /* ContentTwoView.swift in Sources */ = {isa = PBXBuildFile; fileRef = 3B3D6F48293D70DC00E811CB /* ContentTwoView.swift */; };
		3B6E7FE02908F9E800ED57AC /* BasicProjectApp.swift in Sources */ = {isa = PBXBuildFile; fileRef = 3B6E7FDF2908F9E800ED57AC /* BasicProjectApp.swift */; };
		3B6E7FE22908F9E800ED57AC /* ContentView.swift in Sources */ = {isa = PBXBuildFile; fileRef = 3B6E7FE12908F9E800ED57AC /* ContentView.swift */; };
		3B6E7FE42908F9E900ED57AC /* Assets.xcassets in Resources */ = {isa = PBXBuildFile; fileRef = 3B6E7FE32908F9E900ED57AC /* Assets.xcassets */; };
		3B6E7FE72908F9E900ED57AC /* Preview Assets.xcassets in Resources */ = {isa = PBXBuildFile; fileRef = 3B6E7FE62908F9E900ED57AC /* Preview Assets.xcassets */; };
		3B7228D9295EA04F00F25C31 /* MapTwoView.swift in Sources */ = {isa = PBXBuildFile; fileRef = 3B7228D8295EA04F00F25C31 /* MapTwoView.swift */; };
		3B7228DB295EA30500F25C31 /* LocationViewModel.swift in Sources */ = {isa = PBXBuildFile; fileRef = 3B7228DA295EA30500F25C31 /* LocationViewModel.swift */; };
		3B7228DD295EB43400F25C31 /* Settings.bundle in Resources */ = {isa = PBXBuildFile; fileRef = 3B7228DC295EB43300F25C31 /* Settings.bundle */; };
		3B82058A294107D700EBE06E /* FormView.swift in Sources */ = {isa = PBXBuildFile; fileRef = 3B820589294107D700EBE06E /* FormView.swift */; };
		3B98A554294CDA7400E886E9 /* ContentThreeView.swift in Sources */ = {isa = PBXBuildFile; fileRef = 3B98A553294CDA7400E886E9 /* ContentThreeView.swift */; };
		3BD2811B2922EED80048C548 /* StateView.swift in Sources */ = {isa = PBXBuildFile; fileRef = 3BD2811A2922EED80048C548 /* StateView.swift */; };
		3BD2811D2922F13E0048C548 /* BindingView.swift in Sources */ = {isa = PBXBuildFile; fileRef = 3BD2811C2922F13E0048C548 /* BindingView.swift */; };
		3BD2811F292316DD0048C548 /* EnvironmentView.swift in Sources */ = {isa = PBXBuildFile; fileRef = 3BD2811E292316DD0048C548 /* EnvironmentView.swift */; };
		3BD2812129231E4A0048C548 /* BiometricAuthView.swift in Sources */ = {isa = PBXBuildFile; fileRef = 3BD2812029231E4A0048C548 /* BiometricAuthView.swift */; };
		3BD28123292347250048C548 /* WebView.swift in Sources */ = {isa = PBXBuildFile; fileRef = 3BD28122292347250048C548 /* WebView.swift */; };
		3BD281252923498F0048C548 /* WebWKWebView.swift in Sources */ = {isa = PBXBuildFile; fileRef = 3BD281242923498F0048C548 /* WebWKWebView.swift */; };
		3BD2812729234F380048C548 /* WebSafariView.swift in Sources */ = {isa = PBXBuildFile; fileRef = 3BD2812629234F380048C548 /* WebSafariView.swift */; };
		3BD4949329157051008DC06A /* ListDetailView.swift in Sources */ = {isa = PBXBuildFile; fileRef = 3BD4949229157051008DC06A /* ListDetailView.swift */; };
/* End PBXBuildFile section */

/* Begin PBXFileReference section */
		3B0FCED1295AB4B700D85D28 /* ReproduceView.swift */ = {isa = PBXFileReference; lastKnownFileType = sourcecode.swift; path = ReproduceView.swift; sourceTree = "<group>"; };
		3B0FCED7295ACF1000D85D28 /* Info.plist */ = {isa = PBXFileReference; lastKnownFileType = text.plist; path = Info.plist; sourceTree = "<group>"; };
		3B0FCED9295AD05F00D85D28 /* hero3.wav */ = {isa = PBXFileReference; lastKnownFileType = audio.wav; path = hero3.wav; sourceTree = "<group>"; };
		3B0FCEDA295AD05F00D85D28 /* hero2.wav */ = {isa = PBXFileReference; lastKnownFileType = audio.wav; path = hero2.wav; sourceTree = "<group>"; };
		3B0FCEDB295AD05F00D85D28 /* hero1.wav */ = {isa = PBXFileReference; lastKnownFileType = audio.wav; path = hero1.wav; sourceTree = "<group>"; };
		3B3D5484291433B000DE6B49 /* ImageView.swift */ = {isa = PBXFileReference; lastKnownFileType = sourcecode.swift; path = ImageView.swift; sourceTree = "<group>"; };
		3B3D54862914C9B600DE6B49 /* MapView.swift */ = {isa = PBXFileReference; lastKnownFileType = sourcecode.swift; path = MapView.swift; sourceTree = "<group>"; };
		3B3D54882914D33900DE6B49 /* MainView.swift */ = {isa = PBXFileReference; lastKnownFileType = sourcecode.swift; path = MainView.swift; sourceTree = "<group>"; };
		3B3D548C2914DDBF00DE6B49 /* Programmer.swift */ = {isa = PBXFileReference; lastKnownFileType = sourcecode.swift; path = Programmer.swift; sourceTree = "<group>"; };
		3B3D548E2914DE6F00DE6B49 /* RowView.swift */ = {isa = PBXFileReference; lastKnownFileType = sourcecode.swift; path = RowView.swift; sourceTree = "<group>"; };
		3B3D54902914E3BA00DE6B49 /* ListView.swift */ = {isa = PBXFileReference; lastKnownFileType = sourcecode.swift; path = ListView.swift; sourceTree = "<group>"; };
		3B3D6F48293D70DC00E811CB /* ContentTwoView.swift */ = {isa = PBXFileReference; lastKnownFileType = sourcecode.swift; path = ContentTwoView.swift; sourceTree = "<group>"; };
		3B6E7FDC2908F9E800ED57AC /* BasicProject.app */ = {isa = PBXFileReference; explicitFileType = wrapper.application; includeInIndex = 0; path = BasicProject.app; sourceTree = BUILT_PRODUCTS_DIR; };
		3B6E7FDF2908F9E800ED57AC /* BasicProjectApp.swift */ = {isa = PBXFileReference; lastKnownFileType = sourcecode.swift; path = BasicProjectApp.swift; sourceTree = "<group>"; };
		3B6E7FE12908F9E800ED57AC /* ContentView.swift */ = {isa = PBXFileReference; lastKnownFileType = sourcecode.swift; path = ContentView.swift; sourceTree = "<group>"; };
		3B6E7FE32908F9E900ED57AC /* Assets.xcassets */ = {isa = PBXFileReference; lastKnownFileType = folder.assetcatalog; path = Assets.xcassets; sourceTree = "<group>"; };
		3B6E7FE62908F9E900ED57AC /* Preview Assets.xcassets */ = {isa = PBXFileReference; lastKnownFileType = folder.assetcatalog; path = "Preview Assets.xcassets"; sourceTree = "<group>"; };
		3B7228D8295EA04F00F25C31 /* MapTwoView.swift */ = {isa = PBXFileReference; lastKnownFileType = sourcecode.swift; path = MapTwoView.swift; sourceTree = "<group>"; };
		3B7228DA295EA30500F25C31 /* LocationViewModel.swift */ = {isa = PBXFileReference; lastKnownFileType = sourcecode.swift; path = LocationViewModel.swift; sourceTree = "<group>"; };
		3B7228DC295EB43300F25C31 /* Settings.bundle */ = {isa = PBXFileReference; lastKnownFileType = "wrapper.plug-in"; path = Settings.bundle; sourceTree = "<group>"; };
		3B820589294107D700EBE06E /* FormView.swift */ = {isa = PBXFileReference; lastKnownFileType = sourcecode.swift; path = FormView.swift; sourceTree = "<group>"; };
		3B98A553294CDA7400E886E9 /* ContentThreeView.swift */ = {isa = PBXFileReference; lastKnownFileType = sourcecode.swift; path = ContentThreeView.swift; sourceTree = "<group>"; };
		3BD2811A2922EED80048C548 /* StateView.swift */ = {isa = PBXFileReference; lastKnownFileType = sourcecode.swift; path = StateView.swift; sourceTree = "<group>"; };
		3BD2811C2922F13E0048C548 /* BindingView.swift */ = {isa = PBXFileReference; lastKnownFileType = sourcecode.swift; path = BindingView.swift; sourceTree = "<group>"; };
		3BD2811E292316DD0048C548 /* EnvironmentView.swift */ = {isa = PBXFileReference; lastKnownFileType = sourcecode.swift; path = EnvironmentView.swift; sourceTree = "<group>"; };
		3BD2812029231E4A0048C548 /* BiometricAuthView.swift */ = {isa = PBXFileReference; lastKnownFileType = sourcecode.swift; path = BiometricAuthView.swift; sourceTree = "<group>"; };
		3BD28122292347250048C548 /* WebView.swift */ = {isa = PBXFileReference; lastKnownFileType = sourcecode.swift; path = WebView.swift; sourceTree = "<group>"; };
		3BD281242923498F0048C548 /* WebWKWebView.swift */ = {isa = PBXFileReference; lastKnownFileType = sourcecode.swift; path = WebWKWebView.swift; sourceTree = "<group>"; };
		3BD2812629234F380048C548 /* WebSafariView.swift */ = {isa = PBXFileReference; lastKnownFileType = sourcecode.swift; path = WebSafariView.swift; sourceTree = "<group>"; };
		3BD4949229157051008DC06A /* ListDetailView.swift */ = {isa = PBXFileReference; lastKnownFileType = sourcecode.swift; path = ListDetailView.swift; sourceTree = "<group>"; };
/* End PBXFileReference section */

/* Begin PBXFrameworksBuildPhase section */
		3B6E7FD92908F9E800ED57AC /* Frameworks */ = {
			isa = PBXFrameworksBuildPhase;
			buildActionMask = 2147483647;
			files = (
			);
			runOnlyForDeploymentPostprocessing = 0;
		};
/* End PBXFrameworksBuildPhase section */

/* Begin PBXGroup section */
		3B0FCED8295AD05F00D85D28 /* Sonidos */ = {
			isa = PBXGroup;
			children = (
				3B0FCED9295AD05F00D85D28 /* hero3.wav */,
				3B0FCEDA295AD05F00D85D28 /* hero2.wav */,
				3B0FCEDB295AD05F00D85D28 /* hero1.wav */,
			);
			path = Sonidos;
			sourceTree = "<group>";
		};
		3B3D548A2914DD4000DE6B49 /* Views */ = {
			isa = PBXGroup;
			children = (
				3B6E7FE12908F9E800ED57AC /* ContentView.swift */,
				3B3D6F48293D70DC00E811CB /* ContentTwoView.swift */,
				3B98A553294CDA7400E886E9 /* ContentThreeView.swift */,
				3B3D5484291433B000DE6B49 /* ImageView.swift */,
				3B3D54862914C9B600DE6B49 /* MapView.swift */,
				3B3D54882914D33900DE6B49 /* MainView.swift */,
				3B3D548E2914DE6F00DE6B49 /* RowView.swift */,
				3B3D54902914E3BA00DE6B49 /* ListView.swift */,
				3BD4949229157051008DC06A /* ListDetailView.swift */,
				3BD2812029231E4A0048C548 /* BiometricAuthView.swift */,
				3BD28122292347250048C548 /* WebView.swift */,
				3BD281242923498F0048C548 /* WebWKWebView.swift */,
				3BD2812629234F380048C548 /* WebSafariView.swift */,
				3B820589294107D700EBE06E /* FormView.swift */,
				3B0FCED1295AB4B700D85D28 /* ReproduceView.swift */,
				3B7228D8295EA04F00F25C31 /* MapTwoView.swift */,
				3B7228DA295EA30500F25C31 /* LocationViewModel.swift */,
				3B7228DC295EB43300F25C31 /* Settings.bundle */,
				3B0FCED8295AD05F00D85D28 /* Sonidos */,
			);
			path = Views;
			sourceTree = "<group>";
		};
		3B3D548B2914DD9500DE6B49 /* Data */ = {
			isa = PBXGroup;
			children = (
				3B3D548C2914DDBF00DE6B49 /* Programmer.swift */,
			);
			path = Data;
			sourceTree = "<group>";
		};
		3B6E7FD32908F9E800ED57AC = {
			isa = PBXGroup;
			children = (
				3B6E7FDE2908F9E800ED57AC /* BasicProject */,
				3B6E7FDD2908F9E800ED57AC /* Products */,
			);
			sourceTree = "<group>";
		};
		3B6E7FDD2908F9E800ED57AC /* Products */ = {
			isa = PBXGroup;
			children = (
				3B6E7FDC2908F9E800ED57AC /* BasicProject.app */,
			);
			name = Products;
			sourceTree = "<group>";
		};
		3B6E7FDE2908F9E800ED57AC /* BasicProject */ = {
			isa = PBXGroup;
			children = (
				3B0FCED7295ACF1000D85D28 /* Info.plist */,
				3B6E7FDF2908F9E800ED57AC /* BasicProjectApp.swift */,
				3BD281192922EE7E0048C548 /* PropertyWrappers */,
				3B3D548B2914DD9500DE6B49 /* Data */,
				3B3D548A2914DD4000DE6B49 /* Views */,
				3B6E7FE32908F9E900ED57AC /* Assets.xcassets */,
				3B6E7FE52908F9E900ED57AC /* Preview Content */,
			);
			path = BasicProject;
			sourceTree = "<group>";
		};
		3B6E7FE52908F9E900ED57AC /* Preview Content */ = {
			isa = PBXGroup;
			children = (
				3B6E7FE62908F9E900ED57AC /* Preview Assets.xcassets */,
			);
			path = "Preview Content";
			sourceTree = "<group>";
		};
		3BD281192922EE7E0048C548 /* PropertyWrappers */ = {
			isa = PBXGroup;
			children = (
				3BD2811A2922EED80048C548 /* StateView.swift */,
				3BD2811E292316DD0048C548 /* EnvironmentView.swift */,
				3BD2811C2922F13E0048C548 /* BindingView.swift */,
			);
			path = PropertyWrappers;
			sourceTree = "<group>";
		};
/* End PBXGroup section */

/* Begin PBXNativeTarget section */
		3B6E7FDB2908F9E800ED57AC /* BasicProject */ = {
			isa = PBXNativeTarget;
			buildConfigurationList = 3B6E7FEA2908F9E900ED57AC /* Build configuration list for PBXNativeTarget "BasicProject" */;
			buildPhases = (
				3B6E7FD82908F9E800ED57AC /* Sources */,
				3B6E7FD92908F9E800ED57AC /* Frameworks */,
				3B6E7FDA2908F9E800ED57AC /* Resources */,
			);
			buildRules = (
			);
			dependencies = (
			);
			name = BasicProject;
			productName = BasicProject;
			productReference = 3B6E7FDC2908F9E800ED57AC /* BasicProject.app */;
			productType = "com.apple.product-type.application";
		};
/* End PBXNativeTarget section */

/* Begin PBXProject section */
		3B6E7FD42908F9E800ED57AC /* Project object */ = {
			isa = PBXProject;
			attributes = {
				BuildIndependentTargetsInParallel = 1;
				LastSwiftUpdateCheck = 1400;
				LastUpgradeCheck = 1400;
				TargetAttributes = {
					3B6E7FDB2908F9E800ED57AC = {
						CreatedOnToolsVersion = 14.0.1;
					};
				};
			};
			buildConfigurationList = 3B6E7FD72908F9E800ED57AC /* Build configuration list for PBXProject "BasicProject" */;
			compatibilityVersion = "Xcode 14.0";
			developmentRegion = en;
			hasScannedForEncodings = 0;
			knownRegions = (
				en,
				Base,
			);
			mainGroup = 3B6E7FD32908F9E800ED57AC;
			productRefGroup = 3B6E7FDD2908F9E800ED57AC /* Products */;
			projectDirPath = "";
			projectRoot = "";
			targets = (
				3B6E7FDB2908F9E800ED57AC /* BasicProject */,
			);
		};
/* End PBXProject section */

/* Begin PBXResourcesBuildPhase section */
		3B6E7FDA2908F9E800ED57AC /* Resources */ = {
			isa = PBXResourcesBuildPhase;
			buildActionMask = 2147483647;
			files = (
				3B6E7FE72908F9E900ED57AC /* Preview Assets.xcassets in Resources */,
				3B0FCEDD295AD05F00D85D28 /* hero2.wav in Resources */,
				3B0FCEDC295AD05F00D85D28 /* hero3.wav in Resources */,
				3B6E7FE42908F9E900ED57AC /* Assets.xcassets in Resources */,
				3B7228DD295EB43400F25C31 /* Settings.bundle in Resources */,
				3B0FCEDE295AD05F00D85D28 /* hero1.wav in Resources */,
			);
			runOnlyForDeploymentPostprocessing = 0;
		};
/* End PBXResourcesBuildPhase section */

/* Begin PBXSourcesBuildPhase section */
		3B6E7FD82908F9E800ED57AC /* Sources */ = {
			isa = PBXSourcesBuildPhase;
			buildActionMask = 2147483647;
			files = (
				3B3D54912914E3BA00DE6B49 /* ListView.swift in Sources */,
				3B3D6F49293D70DC00E811CB /* ContentTwoView.swift in Sources */,
				3BD2811D2922F13E0048C548 /* BindingView.swift in Sources */,
				3B3D5485291433B000DE6B49 /* ImageView.swift in Sources */,
				3BD2811B2922EED80048C548 /* StateView.swift in Sources */,
				3B7228DB295EA30500F25C31 /* LocationViewModel.swift in Sources */,
				3BD2811F292316DD0048C548 /* EnvironmentView.swift in Sources */,
				3B82058A294107D700EBE06E /* FormView.swift in Sources */,
				3B3D548D2914DDBF00DE6B49 /* Programmer.swift in Sources */,
				3B3D548F2914DE6F00DE6B49 /* RowView.swift in Sources */,
				3B3D54872914C9B600DE6B49 /* MapView.swift in Sources */,
				3B98A554294CDA7400E886E9 /* ContentThreeView.swift in Sources */,
				3B7228D9295EA04F00F25C31 /* MapTwoView.swift in Sources */,
				3BD281252923498F0048C548 /* WebWKWebView.swift in Sources */,
				3B6E7FE22908F9E800ED57AC /* ContentView.swift in Sources */,
				3BD2812129231E4A0048C548 /* BiometricAuthView.swift in Sources */,
				3BD4949329157051008DC06A /* ListDetailView.swift in Sources */,
				3B3D54892914D33900DE6B49 /* MainView.swift in Sources */,
				3BD2812729234F380048C548 /* WebSafariView.swift in Sources */,
				3B6E7FE02908F9E800ED57AC /* BasicProjectApp.swift in Sources */,
				3B0FCED2295AB4B700D85D28 /* ReproduceView.swift in Sources */,
				3BD28123292347250048C548 /* WebView.swift in Sources */,
			);
			runOnlyForDeploymentPostprocessing = 0;
		};
/* End PBXSourcesBuildPhase section */

/* Begin XCBuildConfiguration section */
		3B6E7FE82908F9E900ED57AC /* Debug */ = {
			isa = XCBuildConfiguration;
			buildSettings = {
				ALWAYS_SEARCH_USER_PATHS = NO;
				CLANG_ANALYZER_NONNULL = YES;
				CLANG_ANALYZER_NUMBER_OBJECT_CONVERSION = YES_AGGRESSIVE;
				CLANG_CXX_LANGUAGE_STANDARD = "gnu++20";
				CLANG_ENABLE_MODULES = YES;
				CLANG_ENABLE_OBJC_ARC = YES;
				CLANG_ENABLE_OBJC_WEAK = YES;
				CLANG_WARN_BLOCK_CAPTURE_AUTORELEASING = YES;
				CLANG_WARN_BOOL_CONVERSION = YES;
				CLANG_WARN_COMMA = YES;
				CLANG_WARN_CONSTANT_CONVERSION = YES;
				CLANG_WARN_DEPRECATED_OBJC_IMPLEMENTATIONS = YES;
				CLANG_WARN_DIRECT_OBJC_ISA_USAGE = YES_ERROR;
				CLANG_WARN_DOCUMENTATION_COMMENTS = YES;
				CLANG_WARN_EMPTY_BODY = YES;
				CLANG_WARN_ENUM_CONVERSION = YES;
				CLANG_WARN_INFINITE_RECURSION = YES;
				CLANG_WARN_INT_CONVERSION = YES;
				CLANG_WARN_NON_LITERAL_NULL_CONVERSION = YES;
				CLANG_WARN_OBJC_IMPLICIT_RETAIN_SELF = YES;
				CLANG_WARN_OBJC_LITERAL_CONVERSION = YES;
				CLANG_WARN_OBJC_ROOT_CLASS = YES_ERROR;
				CLANG_WARN_QUOTED_INCLUDE_IN_FRAMEWORK_HEADER = YES;
				CLANG_WARN_RANGE_LOOP_ANALYSIS = YES;
				CLANG_WARN_STRICT_PROTOTYPES = YES;
				CLANG_WARN_SUSPICIOUS_MOVE = YES;
				CLANG_WARN_UNGUARDED_AVAILABILITY = YES_AGGRESSIVE;
				CLANG_WARN_UNREACHABLE_CODE = YES;
				CLANG_WARN__DUPLICATE_METHOD_MATCH = YES;
				COPY_PHASE_STRIP = NO;
				DEBUG_INFORMATION_FORMAT = dwarf;
				ENABLE_STRICT_OBJC_MSGSEND = YES;
				ENABLE_TESTABILITY = YES;
				GCC_C_LANGUAGE_STANDARD = gnu11;
				GCC_DYNAMIC_NO_PIC = NO;
				GCC_NO_COMMON_BLOCKS = YES;
				GCC_OPTIMIZATION_LEVEL = 0;
				GCC_PREPROCESSOR_DEFINITIONS = (
					"DEBUG=1",
					"$(inherited)",
				);
				GCC_WARN_64_TO_32_BIT_CONVERSION = YES;
				GCC_WARN_ABOUT_RETURN_TYPE = YES_ERROR;
				GCC_WARN_UNDECLARED_SELECTOR = YES;
				GCC_WARN_UNINITIALIZED_AUTOS = YES_AGGRESSIVE;
				GCC_WARN_UNUSED_FUNCTION = YES;
				GCC_WARN_UNUSED_VARIABLE = YES;
				IPHONEOS_DEPLOYMENT_TARGET = 16.0;
				MTL_ENABLE_DEBUG_INFO = INCLUDE_SOURCE;
				MTL_FAST_MATH = YES;
				ONLY_ACTIVE_ARCH = YES;
				SDKROOT = iphoneos;
				SWIFT_ACTIVE_COMPILATION_CONDITIONS = DEBUG;
				SWIFT_OPTIMIZATION_LEVEL = "-Onone";
			};
			name = Debug;
		};
		3B6E7FE92908F9E900ED57AC /* Release */ = {
			isa = XCBuildConfiguration;
			buildSettings = {
				ALWAYS_SEARCH_USER_PATHS = NO;
				CLANG_ANALYZER_NONNULL = YES;
				CLANG_ANALYZER_NUMBER_OBJECT_CONVERSION = YES_AGGRESSIVE;
				CLANG_CXX_LANGUAGE_STANDARD = "gnu++20";
				CLANG_ENABLE_MODULES = YES;
				CLANG_ENABLE_OBJC_ARC = YES;
				CLANG_ENABLE_OBJC_WEAK = YES;
				CLANG_WARN_BLOCK_CAPTURE_AUTORELEASING = YES;
				CLANG_WARN_BOOL_CONVERSION = YES;
				CLANG_WARN_COMMA = YES;
				CLANG_WARN_CONSTANT_CONVERSION = YES;
				CLANG_WARN_DEPRECATED_OBJC_IMPLEMENTATIONS = YES;
				CLANG_WARN_DIRECT_OBJC_ISA_USAGE = YES_ERROR;
				CLANG_WARN_DOCUMENTATION_COMMENTS = YES;
				CLANG_WARN_EMPTY_BODY = YES;
				CLANG_WARN_ENUM_CONVERSION = YES;
				CLANG_WARN_INFINITE_RECURSION = YES;
				CLANG_WARN_INT_CONVERSION = YES;
				CLANG_WARN_NON_LITERAL_NULL_CONVERSION = YES;
				CLANG_WARN_OBJC_IMPLICIT_RETAIN_SELF = YES;
				CLANG_WARN_OBJC_LITERAL_CONVERSION = YES;
				CLANG_WARN_OBJC_ROOT_CLASS = YES_ERROR;
				CLANG_WARN_QUOTED_INCLUDE_IN_FRAMEWORK_HEADER = YES;
				CLANG_WARN_RANGE_LOOP_ANALYSIS = YES;
				CLANG_WARN_STRICT_PROTOTYPES = YES;
				CLANG_WARN_SUSPICIOUS_MOVE = YES;
				CLANG_WARN_UNGUARDED_AVAILABILITY = YES_AGGRESSIVE;
				CLANG_WARN_UNREACHABLE_CODE = YES;
				CLANG_WARN__DUPLICATE_METHOD_MATCH = YES;
				COPY_PHASE_STRIP = NO;
				DEBUG_INFORMATION_FORMAT = "dwarf-with-dsym";
				ENABLE_NS_ASSERTIONS = NO;
				ENABLE_STRICT_OBJC_MSGSEND = YES;
				GCC_C_LANGUAGE_STANDARD = gnu11;
				GCC_NO_COMMON_BLOCKS = YES;
				GCC_WARN_64_TO_32_BIT_CONVERSION = YES;
				GCC_WARN_ABOUT_RETURN_TYPE = YES_ERROR;
				GCC_WARN_UNDECLARED_SELECTOR = YES;
				GCC_WARN_UNINITIALIZED_AUTOS = YES_AGGRESSIVE;
				GCC_WARN_UNUSED_FUNCTION = YES;
				GCC_WARN_UNUSED_VARIABLE = YES;
				IPHONEOS_DEPLOYMENT_TARGET = 16.0;
				MTL_ENABLE_DEBUG_INFO = NO;
				MTL_FAST_MATH = YES;
				SDKROOT = iphoneos;
				SWIFT_COMPILATION_MODE = wholemodule;
				SWIFT_OPTIMIZATION_LEVEL = "-O";
				VALIDATE_PRODUCT = YES;
			};
			name = Release;
		};
		3B6E7FEB2908F9E900ED57AC /* Debug */ = {
			isa = XCBuildConfiguration;
			buildSettings = {
				ASSETCATALOG_COMPILER_APPICON_NAME = AppIcon;
				ASSETCATALOG_COMPILER_GLOBAL_ACCENT_COLOR_NAME = AccentColor;
				CODE_SIGN_STYLE = Automatic;
				CURRENT_PROJECT_VERSION = 1;
				DEVELOPMENT_ASSET_PATHS = "\"BasicProject/Preview Content\"";
				ENABLE_PREVIEWS = YES;
				GENERATE_INFOPLIST_FILE = YES;
				INFOPLIST_FILE = BasicProject/Info.plist;
				INFOPLIST_KEY_NSFaceIDUsageDescription = "Necesitas autenticarte mediante el sensor biometrico";
				INFOPLIST_KEY_NSLocationWhenInUseUsageDescription = "Necesitamos acceso a la localización";
				INFOPLIST_KEY_UIApplicationSceneManifest_Generation = YES;
				INFOPLIST_KEY_UIApplicationSupportsIndirectInputEvents = YES;
				INFOPLIST_KEY_UILaunchScreen_Generation = YES;
				INFOPLIST_KEY_UISupportedInterfaceOrientations_iPad = "UIInterfaceOrientationPortrait UIInterfaceOrientationPortraitUpsideDown UIInterfaceOrientationLandscapeLeft UIInterfaceOrientationLandscapeRight";
				INFOPLIST_KEY_UISupportedInterfaceOrientations_iPhone = "UIInterfaceOrientationPortrait UIInterfaceOrientationLandscapeLeft UIInterfaceOrientationLandscapeRight";
				LD_RUNPATH_SEARCH_PATHS = (
					"$(inherited)",
					"@executable_path/Frameworks",
				);
				MARKETING_VERSION = 1.0;
				PRODUCT_BUNDLE_IDENTIFIER = com.yeltsinbl.BasicProject;
				PRODUCT_NAME = "$(TARGET_NAME)";
				SWIFT_EMIT_LOC_STRINGS = YES;
				SWIFT_VERSION = 5.0;
				TARGETED_DEVICE_FAMILY = "1,2";
			};
			name = Debug;
		};
		3B6E7FEC2908F9E900ED57AC /* Release */ = {
			isa = XCBuildConfiguration;
			buildSettings = {
				ASSETCATALOG_COMPILER_APPICON_NAME = AppIcon;
				ASSETCATALOG_COMPILER_GLOBAL_ACCENT_COLOR_NAME = AccentColor;
				CODE_SIGN_STYLE = Automatic;
				CURRENT_PROJECT_VERSION = 1;
				DEVELOPMENT_ASSET_PATHS = "\"BasicProject/Preview Content\"";
				ENABLE_PREVIEWS = YES;
				GENERATE_INFOPLIST_FILE = YES;
				INFOPLIST_FILE = BasicProject/Info.plist;
				INFOPLIST_KEY_NSFaceIDUsageDescription = "Necesitas autenticarte mediante el sensor biometrico";
				INFOPLIST_KEY_NSLocationWhenInUseUsageDescription = "Necesitamos acceso a la localización";
				INFOPLIST_KEY_UIApplicationSceneManifest_Generation = YES;
				INFOPLIST_KEY_UIApplicationSupportsIndirectInputEvents = YES;
				INFOPLIST_KEY_UILaunchScreen_Generation = YES;
				INFOPLIST_KEY_UISupportedInterfaceOrientations_iPad = "UIInterfaceOrientationPortrait UIInterfaceOrientationPortraitUpsideDown UIInterfaceOrientationLandscapeLeft UIInterfaceOrientationLandscapeRight";
				INFOPLIST_KEY_UISupportedInterfaceOrientations_iPhone = "UIInterfaceOrientationPortrait UIInterfaceOrientationLandscapeLeft UIInterfaceOrientationLandscapeRight";
				LD_RUNPATH_SEARCH_PATHS = (
					"$(inherited)",
					"@executable_path/Frameworks",
				);
				MARKETING_VERSION = 1.0;
				PRODUCT_BUNDLE_IDENTIFIER = com.yeltsinbl.BasicProject;
				PRODUCT_NAME = "$(TARGET_NAME)";
				SWIFT_EMIT_LOC_STRINGS = YES;
				SWIFT_VERSION = 5.0;
				TARGETED_DEVICE_FAMILY = "1,2";
			};
			name = Release;
		};
/* End XCBuildConfiguration section */

/* Begin XCConfigurationList section */
		3B6E7FD72908F9E800ED57AC /* Build configuration list for PBXProject "BasicProject" */ = {
			isa = XCConfigurationList;
			buildConfigurations = (
				3B6E7FE82908F9E900ED57AC /* Debug */,
				3B6E7FE92908F9E900ED57AC /* Release */,
			);
			defaultConfigurationIsVisible = 0;
			defaultConfigurationName = Release;
		};
		3B6E7FEA2908F9E900ED57AC /* Build configuration list for PBXNativeTarget "BasicProject" */ = {
			isa = XCConfigurationList;
			buildConfigurations = (
				3B6E7FEB2908F9E900ED57AC /* Debug */,
				3B6E7FEC2908F9E900ED57AC /* Release */,
			);
			defaultConfigurationIsVisible = 0;
			defaultConfigurationName = Release;
		};
/* End XCConfigurationList section */
	};
	rootObject = 3B6E7FD42908F9E800ED57AC /* Project object */;
}
